[[package]]
name = "ansicon"
version = "1.89.0"
description = "Python wrapper for loading Jason Hood's ANSICON"
category = "dev"
optional = false
python-versions = "*"

[[package]]
name = "appnope"
version = "0.1.3"
description = "Disable App Nap on macOS >= 10.9"
category = "dev"
optional = false
python-versions = "*"

[[package]]
name = "asttokens"
version = "2.0.8"
description = "Annotate AST trees with source code positions"
category = "dev"
optional = false
python-versions = "*"

[package.dependencies]
six = "*"

[package.extras]
test = ["astroid (<=2.5.3)", "pytest"]

[[package]]
name = "attrs"
version = "22.1.0"
description = "Classes Without Boilerplate"
category = "dev"
optional = false
python-versions = ">=3.5"

[package.extras]
dev = ["cloudpickle", "coverage[toml] (>=5.0.2)", "furo", "hypothesis", "mypy (>=0.900,!=0.940)", "pre-commit", "pympler", "pytest (>=4.3.0)", "pytest-mypy-plugins", "sphinx", "sphinx-notfound-page", "zope.interface"]
docs = ["furo", "sphinx", "sphinx-notfound-page", "zope.interface"]
tests = ["cloudpickle", "coverage[toml] (>=5.0.2)", "hypothesis", "mypy (>=0.900,!=0.940)", "pympler", "pytest (>=4.3.0)", "pytest-mypy-plugins", "zope.interface"]
tests_no_zope = ["cloudpickle", "coverage[toml] (>=5.0.2)", "hypothesis", "mypy (>=0.900,!=0.940)", "pympler", "pytest (>=4.3.0)", "pytest-mypy-plugins"]

[[package]]
name = "backcall"
version = "0.2.0"
description = "Specifications for callback functions passed in to an API"
category = "dev"
optional = false
python-versions = "*"

[[package]]
name = "black"
version = "22.8.0"
description = "The uncompromising code formatter."
category = "dev"
optional = false
python-versions = ">=3.6.2"

[package.dependencies]
click = ">=8.0.0"
mypy-extensions = ">=0.4.3"
pathspec = ">=0.9.0"
platformdirs = ">=2"
tomli = {version = ">=1.1.0", markers = "python_full_version < \"3.11.0a7\""}

[package.extras]
colorama = ["colorama (>=0.4.3)"]
d = ["aiohttp (>=3.7.4)"]
jupyter = ["ipython (>=7.8.0)", "tokenize-rt (>=3.2.0)"]
uvloop = ["uvloop (>=0.15.2)"]

[[package]]
name = "blessed"
version = "1.19.1"
description = "Easy, practical library for making terminal apps, by providing an elegant, well-documented interface to Colors, Keyboard input, and screen Positioning capabilities."
category = "dev"
optional = false
python-versions = ">=2.7"

[package.dependencies]
jinxed = {version = ">=1.1.0", markers = "platform_system == \"Windows\""}
six = ">=1.9.0"
wcwidth = ">=0.1.4"

[[package]]
name = "bpython"
version = "0.23"
description = ""
category = "dev"
optional = false
python-versions = ">=3.7"

[package.dependencies]
curtsies = ">=0.4.0"
cwcwidth = "*"
greenlet = "*"
pygments = "*"
pyxdg = "*"
requests = "*"

[package.extras]
clipboard = ["pyperclip"]
jedi = ["jedi (>=0.16)"]
urwid = ["urwid"]
watch = ["watchdog"]

[[package]]
name = "certifi"
version = "2022.9.24"
description = "Python package for providing Mozilla's CA Bundle."
category = "dev"
optional = false
python-versions = ">=3.6"

[[package]]
name = "charset-normalizer"
version = "2.1.1"
description = "The Real First Universal Charset Detector. Open, modern and actively maintained alternative to Chardet."
category = "dev"
optional = false
python-versions = ">=3.6.0"

[package.extras]
unicode_backport = ["unicodedata2"]

[[package]]
name = "click"
version = "8.1.3"
description = "Composable command line interface toolkit"
category = "dev"
optional = false
python-versions = ">=3.7"

[package.dependencies]
colorama = {version = "*", markers = "platform_system == \"Windows\""}

[[package]]
name = "colorama"
version = "0.4.5"
description = "Cross-platform colored terminal text."
category = "dev"
optional = false
python-versions = ">=2.7, !=3.0.*, !=3.1.*, !=3.2.*, !=3.3.*, !=3.4.*"

[[package]]
name = "curtsies"
version = "0.4.0"
description = "Curses-like terminal wrapper, with colored strings!"
category = "dev"
optional = false
python-versions = ">=3.7"

[package.dependencies]
blessed = ">=1.5"
cwcwidth = "*"

[[package]]
name = "cwcwidth"
version = "0.1.7"
description = "Python bindings for wc(s)width"
category = "dev"
optional = false
python-versions = ">=3.7"

[[package]]
name = "decorator"
version = "5.1.1"
description = "Decorators for Humans"
category = "dev"
optional = false
python-versions = ">=3.5"

[[package]]
name = "executing"
version = "1.1.0"
description = "Get the currently executing AST node of a frame, and other information"
category = "dev"
optional = false
python-versions = "*"

[package.extras]
tests = ["asttokens", "littleutils", "pytest", "rich"]

[[package]]
name = "greenlet"
version = "1.1.3"
description = "Lightweight in-process concurrent programming"
category = "dev"
optional = false
python-versions = ">=2.7,!=3.0.*,!=3.1.*,!=3.2.*,!=3.3.*,!=3.4.*"

[package.extras]
docs = ["Sphinx"]

[[package]]
name = "idna"
version = "3.4"
description = "Internationalized Domain Names in Applications (IDNA)"
category = "dev"
optional = false
python-versions = ">=3.5"

[[package]]
name = "iniconfig"
version = "1.1.1"
description = "iniconfig: brain-dead simple config-ini parsing"
category = "dev"
optional = false
python-versions = "*"

[[package]]
name = "ipython"
version = "8.5.0"
description = "IPython: Productive Interactive Computing"
category = "dev"
optional = false
python-versions = ">=3.8"

[package.dependencies]
appnope = {version = "*", markers = "sys_platform == \"darwin\""}
backcall = "*"
colorama = {version = "*", markers = "sys_platform == \"win32\""}
decorator = "*"
jedi = ">=0.16"
matplotlib-inline = "*"
pexpect = {version = ">4.3", markers = "sys_platform != \"win32\""}
pickleshare = "*"
prompt-toolkit = ">3.0.1,<3.1.0"
pygments = ">=2.4.0"
stack-data = "*"
traitlets = ">=5"

[package.extras]
all = ["Sphinx (>=1.3)", "black", "curio", "ipykernel", "ipyparallel", "ipywidgets", "matplotlib (!=3.2.0)", "nbconvert", "nbformat", "notebook", "numpy (>=1.19)", "pandas", "pytest (<7.1)", "pytest-asyncio", "qtconsole", "testpath", "trio"]
black = ["black"]
doc = ["Sphinx (>=1.3)"]
kernel = ["ipykernel"]
nbconvert = ["nbconvert"]
nbformat = ["nbformat"]
notebook = ["ipywidgets", "notebook"]
parallel = ["ipyparallel"]
qtconsole = ["qtconsole"]
test = ["pytest (<7.1)", "pytest-asyncio", "testpath"]
test_extra = ["curio", "matplotlib (!=3.2.0)", "nbformat", "numpy (>=1.19)", "pandas", "pytest (<7.1)", "pytest-asyncio", "testpath", "trio"]

[[package]]
name = "jedi"
version = "0.18.1"
description = "An autocompletion tool for Python that can be used for text editors."
category = "dev"
optional = false
python-versions = ">=3.6"

[package.dependencies]
parso = ">=0.8.0,<0.9.0"

[package.extras]
qa = ["flake8 (==3.8.3)", "mypy (==0.782)"]
testing = ["Django (<3.1)", "colorama", "docopt", "pytest (<7.0.0)"]

[[package]]
name = "jinxed"
version = "1.2.0"
description = "Jinxed Terminal Library"
category = "dev"
optional = false
python-versions = "*"

[package.dependencies]
ansicon = {version = "*", markers = "platform_system == \"Windows\""}

[[package]]
name = "matplotlib-inline"
version = "0.1.6"
description = "Inline Matplotlib backend for Jupyter"
category = "dev"
optional = false
python-versions = ">=3.5"

[package.dependencies]
traitlets = "*"

[[package]]
name = "mypy-extensions"
version = "0.4.3"
description = "Experimental type system extensions for programs checked with the mypy typechecker."
category = "dev"
optional = false
python-versions = "*"

[[package]]
name = "packaging"
version = "21.3"
description = "Core utilities for Python packages"
category = "dev"
optional = false
python-versions = ">=3.6"

[package.dependencies]
pyparsing = ">=2.0.2,<3.0.5 || >3.0.5"

[[package]]
name = "parso"
version = "0.8.3"
description = "A Python Parser"
category = "dev"
optional = false
python-versions = ">=3.6"

[package.extras]
qa = ["flake8 (==3.8.3)", "mypy (==0.782)"]
testing = ["docopt", "pytest (<6.0.0)"]

[[package]]
name = "pathspec"
version = "0.10.1"
description = "Utility library for gitignore style pattern matching of file paths."
category = "dev"
optional = false
python-versions = ">=3.7"

[[package]]
name = "pexpect"
version = "4.8.0"
description = "Pexpect allows easy control of interactive console applications."
category = "dev"
optional = false
python-versions = "*"

[package.dependencies]
ptyprocess = ">=0.5"

[[package]]
name = "pickleshare"
version = "0.7.5"
description = "Tiny 'shelve'-like database with concurrency support"
category = "dev"
optional = false
python-versions = "*"

[[package]]
name = "platformdirs"
version = "2.5.2"
description = "A small Python module for determining appropriate platform-specific dirs, e.g. a \"user data dir\"."
category = "dev"
optional = false
python-versions = ">=3.7"

[package.extras]
docs = ["furo (>=2021.7.5b38)", "proselint (>=0.10.2)", "sphinx (>=4)", "sphinx-autodoc-typehints (>=1.12)"]
test = ["appdirs (==1.4.4)", "pytest (>=6)", "pytest-cov (>=2.7)", "pytest-mock (>=3.6)"]

[[package]]
name = "pluggy"
version = "1.0.0"
description = "plugin and hook calling mechanisms for python"
category = "dev"
optional = false
python-versions = ">=3.6"

[package.extras]
dev = ["pre-commit", "tox"]
testing = ["pytest", "pytest-benchmark"]

[[package]]
name = "prompt-toolkit"
version = "3.0.31"
description = "Library for building powerful interactive command lines in Python"
category = "dev"
optional = false
python-versions = ">=3.6.2"

[package.dependencies]
wcwidth = "*"

[[package]]
name = "ptyprocess"
version = "0.7.0"
description = "Run a subprocess in a pseudo terminal"
category = "dev"
optional = false
python-versions = "*"

[[package]]
name = "pure-eval"
version = "0.2.2"
description = "Safely evaluate AST nodes without side effects"
category = "dev"
optional = false
python-versions = "*"

[package.extras]
tests = ["pytest"]

[[package]]
name = "py"
version = "1.11.0"
description = "library with cross-python path, ini-parsing, io, code, log facilities"
category = "dev"
optional = false
python-versions = ">=2.7, !=3.0.*, !=3.1.*, !=3.2.*, !=3.3.*, !=3.4.*"

[[package]]
name = "Pygments"
version = "2.13.0"
description = "Pygments is a syntax highlighting package written in Python."
category = "dev"
optional = false
python-versions = ">=3.6"

[package.extras]
plugins = ["importlib-metadata"]

[[package]]
name = "pyparsing"
version = "3.0.9"
description = "pyparsing module - Classes and methods to define and execute parsing grammars"
category = "dev"
optional = false
python-versions = ">=3.6.8"

[package.extras]
diagrams = ["jinja2", "railroad-diagrams"]

[[package]]
name = "pytest"
version = "7.1.3"
description = "pytest: simple powerful testing with Python"
category = "dev"
optional = false
python-versions = ">=3.7"

[package.dependencies]
attrs = ">=19.2.0"
colorama = {version = "*", markers = "sys_platform == \"win32\""}
iniconfig = "*"
packaging = "*"
pluggy = ">=0.12,<2.0"
py = ">=1.8.2"
tomli = ">=1.0.0"

[package.extras]
testing = ["argcomplete", "hypothesis (>=3.56)", "mock", "nose", "pygments (>=2.7.2)", "requests", "xmlschema"]

[[package]]
name = "pytest-testinfra"
version = "6.8.0"
description = "Test infrastructures"
category = "dev"
optional = false
python-versions = ">=3.6"

[package.dependencies]
pytest = "!=3.0.2"

[package.extras]
ansible = ["ansible"]
paramiko = ["paramiko"]
salt = ["salt"]
winrm = ["pywinrm"]

[[package]]
name = "pyxdg"
version = "0.28"
description = "PyXDG contains implementations of freedesktop.org standards in python."
category = "dev"
optional = false
python-versions = "*"

[[package]]
name = "requests"
version = "2.28.1"
description = "Python HTTP for Humans."
category = "dev"
optional = false
python-versions = ">=3.7, <4"

[package.dependencies]
certifi = ">=2017.4.17"
charset-normalizer = ">=2,<3"
idna = ">=2.5,<4"
urllib3 = ">=1.21.1,<1.27"

[package.extras]
socks = ["PySocks (>=1.5.6,!=1.5.7)"]
use_chardet_on_py3 = ["chardet (>=3.0.2,<6)"]

[[package]]
name = "six"
version = "1.16.0"
description = "Python 2 and 3 compatibility utilities"
category = "dev"
optional = false
python-versions = ">=2.7, !=3.0.*, !=3.1.*, !=3.2.*"

[[package]]
name = "stack-data"
version = "0.5.1"
description = "Extract data from python stack frames and tracebacks for informative displays"
category = "dev"
optional = false
python-versions = "*"

[package.dependencies]
asttokens = "*"
executing = "*"
pure-eval = "*"

[package.extras]
tests = ["cython", "littleutils", "pygments", "pytest", "typeguard"]

[[package]]
name = "tomli"
version = "2.0.1"
description = "A lil' TOML parser"
category = "dev"
optional = false
python-versions = ">=3.7"

[[package]]
name = "traitlets"
version = "5.4.0"
description = ""
category = "dev"
optional = false
python-versions = ">=3.7"

[package.extras]
test = ["pre-commit", "pytest"]

[[package]]
name = "urllib3"
version = "1.26.12"
description = "HTTP library with thread-safe connection pooling, file post, and more."
category = "dev"
optional = false
python-versions = ">=2.7, !=3.0.*, !=3.1.*, !=3.2.*, !=3.3.*, !=3.4.*, !=3.5.*, <4"

[package.extras]
brotli = ["brotli (>=1.0.9)", "brotlicffi (>=0.8.0)", "brotlipy (>=0.6.0)"]
secure = ["certifi", "cryptography (>=1.3.4)", "idna (>=2.0.0)", "ipaddress", "pyOpenSSL (>=0.14)", "urllib3-secure-extra"]
socks = ["PySocks (>=1.5.6,!=1.5.7,<2.0)"]

[[package]]
name = "wcwidth"
version = "0.2.5"
description = "Measures the displayed width of unicode strings in a terminal"
category = "dev"
optional = false
python-versions = "*"

[metadata]
lock-version = "1.1"
python-versions = "^3.10"
content-hash = "245eb4733f63f29f963eb5f9740ac1ab5f332010399a7b9634a3a6ffff7fa505"

[metadata.files]
ansicon = [
    {file = "ansicon-1.89.0-py2.py3-none-any.whl", hash = "sha256:f1def52d17f65c2c9682cf8370c03f541f410c1752d6a14029f97318e4b9dfec"},
    {file = "ansicon-1.89.0.tar.gz", hash = "sha256:e4d039def5768a47e4afec8e89e83ec3ae5a26bf00ad851f914d1240b444d2b1"},
]
appnope = [
    {file = "appnope-0.1.3-py2.py3-none-any.whl", hash = "sha256:265a455292d0bd8a72453494fa24df5a11eb18373a60c7c0430889f22548605e"},
    {file = "appnope-0.1.3.tar.gz", hash = "sha256:02bd91c4de869fbb1e1c50aafc4098827a7a54ab2f39d9dcba6c9547ed920e24"},
]
asttokens = [
    {file = "asttokens-2.0.8-py2.py3-none-any.whl", hash = "sha256:e3305297c744ae53ffa032c45dc347286165e4ffce6875dc662b205db0623d86"},
    {file = "asttokens-2.0.8.tar.gz", hash = "sha256:c61e16246ecfb2cde2958406b4c8ebc043c9e6d73aaa83c941673b35e5d3a76b"},
]
attrs = [
    {file = "attrs-22.1.0-py2.py3-none-any.whl", hash = "sha256:86efa402f67bf2df34f51a335487cf46b1ec130d02b8d39fd248abfd30da551c"},
    {file = "attrs-22.1.0.tar.gz", hash = "sha256:29adc2665447e5191d0e7c568fde78b21f9672d344281d0c6e1ab085429b22b6"},
]
backcall = [
    {file = "backcall-0.2.0-py2.py3-none-any.whl", hash = "sha256:fbbce6a29f263178a1f7915c1940bde0ec2b2a967566fe1c65c1dfb7422bd255"},
    {file = "backcall-0.2.0.tar.gz", hash = "sha256:5cbdbf27be5e7cfadb448baf0aa95508f91f2bbc6c6437cd9cd06e2a4c215e1e"},
]
black = [
    {file = "black-22.8.0-cp310-cp310-macosx_10_9_universal2.whl", hash = "sha256:ce957f1d6b78a8a231b18e0dd2d94a33d2ba738cd88a7fe64f53f659eea49fdd"},
    {file = "black-22.8.0-cp310-cp310-macosx_10_9_x86_64.whl", hash = "sha256:5107ea36b2b61917956d018bd25129baf9ad1125e39324a9b18248d362156a27"},
    {file = "black-22.8.0-cp310-cp310-macosx_11_0_arm64.whl", hash = "sha256:e8166b7bfe5dcb56d325385bd1d1e0f635f24aae14b3ae437102dedc0c186747"},
    {file = "black-22.8.0-cp310-cp310-manylinux_2_17_x86_64.manylinux2014_x86_64.whl", hash = "sha256:dd82842bb272297503cbec1a2600b6bfb338dae017186f8f215c8958f8acf869"},
    {file = "black-22.8.0-cp310-cp310-win_amd64.whl", hash = "sha256:d839150f61d09e7217f52917259831fe2b689f5c8e5e32611736351b89bb2a90"},
    {file = "black-22.8.0-cp36-cp36m-macosx_10_9_x86_64.whl", hash = "sha256:a05da0430bd5ced89176db098567973be52ce175a55677436a271102d7eaa3fe"},
    {file = "black-22.8.0-cp36-cp36m-manylinux_2_17_x86_64.manylinux2014_x86_64.whl", hash = "sha256:4a098a69a02596e1f2a58a2a1c8d5a05d5a74461af552b371e82f9fa4ada8342"},
    {file = "black-22.8.0-cp36-cp36m-win_amd64.whl", hash = "sha256:5594efbdc35426e35a7defa1ea1a1cb97c7dbd34c0e49af7fb593a36bd45edab"},
    {file = "black-22.8.0-cp37-cp37m-macosx_10_9_x86_64.whl", hash = "sha256:a983526af1bea1e4cf6768e649990f28ee4f4137266921c2c3cee8116ae42ec3"},
    {file = "black-22.8.0-cp37-cp37m-manylinux_2_17_x86_64.manylinux2014_x86_64.whl", hash = "sha256:3b2c25f8dea5e8444bdc6788a2f543e1fb01494e144480bc17f806178378005e"},
    {file = "black-22.8.0-cp37-cp37m-win_amd64.whl", hash = "sha256:78dd85caaab7c3153054756b9fe8c611efa63d9e7aecfa33e533060cb14b6d16"},
    {file = "black-22.8.0-cp38-cp38-macosx_10_9_universal2.whl", hash = "sha256:cea1b2542d4e2c02c332e83150e41e3ca80dc0fb8de20df3c5e98e242156222c"},
    {file = "black-22.8.0-cp38-cp38-macosx_10_9_x86_64.whl", hash = "sha256:5b879eb439094751185d1cfdca43023bc6786bd3c60372462b6f051efa6281a5"},
    {file = "black-22.8.0-cp38-cp38-macosx_11_0_arm64.whl", hash = "sha256:0a12e4e1353819af41df998b02c6742643cfef58282915f781d0e4dd7a200411"},
    {file = "black-22.8.0-cp38-cp38-manylinux_2_17_x86_64.manylinux2014_x86_64.whl", hash = "sha256:c3a73f66b6d5ba7288cd5d6dad9b4c9b43f4e8a4b789a94bf5abfb878c663eb3"},
    {file = "black-22.8.0-cp38-cp38-win_amd64.whl", hash = "sha256:e981e20ec152dfb3e77418fb616077937378b322d7b26aa1ff87717fb18b4875"},
    {file = "black-22.8.0-cp39-cp39-macosx_10_9_universal2.whl", hash = "sha256:8ce13ffed7e66dda0da3e0b2eb1bdfc83f5812f66e09aca2b0978593ed636b6c"},
    {file = "black-22.8.0-cp39-cp39-macosx_10_9_x86_64.whl", hash = "sha256:32a4b17f644fc288c6ee2bafdf5e3b045f4eff84693ac069d87b1a347d861497"},
    {file = "black-22.8.0-cp39-cp39-macosx_11_0_arm64.whl", hash = "sha256:0ad827325a3a634bae88ae7747db1a395d5ee02cf05d9aa7a9bd77dfb10e940c"},
    {file = "black-22.8.0-cp39-cp39-manylinux_2_17_x86_64.manylinux2014_x86_64.whl", hash = "sha256:53198e28a1fb865e9fe97f88220da2e44df6da82b18833b588b1883b16bb5d41"},
    {file = "black-22.8.0-cp39-cp39-win_amd64.whl", hash = "sha256:bc4d4123830a2d190e9cc42a2e43570f82ace35c3aeb26a512a2102bce5af7ec"},
    {file = "black-22.8.0-py3-none-any.whl", hash = "sha256:d2c21d439b2baf7aa80d6dd4e3659259be64c6f49dfd0f32091063db0e006db4"},
    {file = "black-22.8.0.tar.gz", hash = "sha256:792f7eb540ba9a17e8656538701d3eb1afcb134e3b45b71f20b25c77a8db7e6e"},
]
blessed = [
    {file = "blessed-1.19.1-py2.py3-none-any.whl", hash = "sha256:63b8554ae2e0e7f43749b6715c734cc8f3883010a809bf16790102563e6cf25b"},
    {file = "blessed-1.19.1.tar.gz", hash = "sha256:9a0d099695bf621d4680dd6c73f6ad547f6a3442fbdbe80c4b1daa1edbc492fc"},
]
bpython = [
    {file = "bpython-0.23-py3-none-any.whl", hash = "sha256:72aab438052439ac89b471c4ee2a8fba6a0a082a51b0f70826e88cc0e7723298"},
    {file = "bpython-0.23.tar.gz", hash = "sha256:9f0078abc887c48af088691e2f64797d6ca994ac0f4bc03c38d06f657d7c052a"},
]
certifi = [
    {file = "certifi-2022.9.24-py3-none-any.whl", hash = "sha256:90c1a32f1d68f940488354e36370f6cca89f0f106db09518524c88d6ed83f382"},
    {file = "certifi-2022.9.24.tar.gz", hash = "sha256:0d9c601124e5a6ba9712dbc60d9c53c21e34f5f641fe83002317394311bdce14"},
]
charset-normalizer = [
    {file = "charset-normalizer-2.1.1.tar.gz", hash = "sha256:5a3d016c7c547f69d6f81fb0db9449ce888b418b5b9952cc5e6e66843e9dd845"},
    {file = "charset_normalizer-2.1.1-py3-none-any.whl", hash = "sha256:83e9a75d1911279afd89352c68b45348559d1fc0506b054b346651b5e7fee29f"},
]
click = [
    {file = "click-8.1.3-py3-none-any.whl", hash = "sha256:bb4d8133cb15a609f44e8213d9b391b0809795062913b383c62be0ee95b1db48"},
    {file = "click-8.1.3.tar.gz", hash = "sha256:7682dc8afb30297001674575ea00d1814d808d6a36af415a82bd481d37ba7b8e"},
]
colorama = [
    {file = "colorama-0.4.5-py2.py3-none-any.whl", hash = "sha256:854bf444933e37f5824ae7bfc1e98d5bce2ebe4160d46b5edf346a89358e99da"},
    {file = "colorama-0.4.5.tar.gz", hash = "sha256:e6c6b4334fc50988a639d9b98aa429a0b57da6e17b9a44f0451f930b6967b7a4"},
]
curtsies = [
    {file = "curtsies-0.4.0.tar.gz", hash = "sha256:cb29efce33fef395a29efa568f27f5913178469fb3aab114080d6ca6264142fe"},
]
cwcwidth = [
    {file = "cwcwidth-0.1.7-cp310-cp310-macosx_10_9_x86_64.whl", hash = "sha256:40988ea1d79330c8283e8831f574b6bcc6fe2cc92718e563d8ca0f9eaaa71648"},
    {file = "cwcwidth-0.1.7-cp310-cp310-manylinux_2_5_i686.manylinux1_i686.manylinux_2_17_i686.manylinux2014_i686.whl", hash = "sha256:5fdf7e8b24b1a8575ab1c61ffcc8c4a5bd9e5445a882f0fe7475cd3a43f7e287"},
    {file = "cwcwidth-0.1.7-cp310-cp310-manylinux_2_5_x86_64.manylinux1_x86_64.manylinux_2_17_x86_64.manylinux2014_x86_64.whl", hash = "sha256:2abc8f1917f82b89a3a54f51f810728f939924a725d7b6237bc3d0fe96c4331a"},
    {file = "cwcwidth-0.1.7-cp310-cp310-musllinux_1_1_i686.whl", hash = "sha256:5e906520a3e325288825e4e5605ee8214b66311872de1649f5060e5afaa93674"},
    {file = "cwcwidth-0.1.7-cp310-cp310-musllinux_1_1_x86_64.whl", hash = "sha256:22ddd632fe3c66f3fdef3dc4e3439db926a7f4e22994df66beccbe3751ddd044"},
    {file = "cwcwidth-0.1.7-cp310-cp310-win32.whl", hash = "sha256:1c798850df8bcdb500b179e42dd83f2d7a3adbdf30b06f8e06883096c8f50e85"},
    {file = "cwcwidth-0.1.7-cp310-cp310-win_amd64.whl", hash = "sha256:54b7dd4830753dfa3cc272a76bbcea87a9ccf87f4e40a155e0d4974da3d7aff4"},
    {file = "cwcwidth-0.1.7-cp37-cp37m-macosx_10_9_x86_64.whl", hash = "sha256:c05106b2c5ac83fa6c525811ad25b6e6ff5a9ee5dc8c886cf7a71a08e08087b3"},
    {file = "cwcwidth-0.1.7-cp37-cp37m-manylinux_2_5_i686.manylinux1_i686.manylinux_2_17_i686.manylinux2014_i686.whl", hash = "sha256:2887e87582f5d983f95c5884f4a5a541ddbe0625d7254153fd570f5392493085"},
    {file = "cwcwidth-0.1.7-cp37-cp37m-manylinux_2_5_x86_64.manylinux1_x86_64.manylinux_2_17_x86_64.manylinux2014_x86_64.whl", hash = "sha256:d7228a3f795ae703e4c58fda119e6fab63e47449c88255a387547ab0530343cb"},
    {file = "cwcwidth-0.1.7-cp37-cp37m-musllinux_1_1_i686.whl", hash = "sha256:ff675be51cb5815190384659dbcd16a4e7018df8ca0fcd922d313f1ff68634e4"},
    {file = "cwcwidth-0.1.7-cp37-cp37m-musllinux_1_1_x86_64.whl", hash = "sha256:52692915ebedb8d1f42809318cb254318552e0f87cd7884c2908654a5b8fe5f9"},
    {file = "cwcwidth-0.1.7-cp37-cp37m-win32.whl", hash = "sha256:06d84670b94bef8e2f37aaf7c1803b9d0ffb22488a9745c68ad23f5ce2e487ea"},
    {file = "cwcwidth-0.1.7-cp37-cp37m-win_amd64.whl", hash = "sha256:8ba166203108e196a9a13c394fa6799d8f3f18dad69a1b98cf7105fcb064194f"},
    {file = "cwcwidth-0.1.7-cp38-cp38-macosx_10_9_x86_64.whl", hash = "sha256:4741cd7a227c1ce48b248979cb4d93c1b3719df46400eec870afb423f3e934fe"},
    {file = "cwcwidth-0.1.7-cp38-cp38-manylinux_2_5_i686.manylinux1_i686.manylinux_2_17_i686.manylinux2014_i686.whl", hash = "sha256:64eafa51cf4c0bba2a392d5edad82edf35dc89c1823415cdf1e11eed27084af2"},
    {file = "cwcwidth-0.1.7-cp38-cp38-manylinux_2_5_x86_64.manylinux1_x86_64.manylinux_2_17_x86_64.manylinux2014_x86_64.whl", hash = "sha256:a158173b537325369033093ce4e5738f88f0d1bd718d22f095d5bd959cd08907"},
    {file = "cwcwidth-0.1.7-cp38-cp38-musllinux_1_1_i686.whl", hash = "sha256:07cecd5ed9e463706926871c08f284ea46669a56f059aff8d4cebf8a6f9949a1"},
    {file = "cwcwidth-0.1.7-cp38-cp38-musllinux_1_1_x86_64.whl", hash = "sha256:ff273f2d38afbead290c86a673c519020adfdfc33009e813ea00c9836e7891a4"},
    {file = "cwcwidth-0.1.7-cp38-cp38-win32.whl", hash = "sha256:5d2bc7b02a071d37313b665d2d9b0728832be23d914fe2d424b4d24c5270e52e"},
    {file = "cwcwidth-0.1.7-cp38-cp38-win_amd64.whl", hash = "sha256:163ace31c3b42d6f8c4ec26d4b1ca93c854914c097ce6592e7bbcfafd7b6820d"},
    {file = "cwcwidth-0.1.7-cp39-cp39-macosx_10_9_x86_64.whl", hash = "sha256:fbd6c27d16b90dc9f06c0958ac03cc7eba7187ae1aaa2ca34716960f77f321a8"},
    {file = "cwcwidth-0.1.7-cp39-cp39-manylinux_2_5_i686.manylinux1_i686.manylinux_2_17_i686.manylinux2014_i686.whl", hash = "sha256:de752d2c3105e914eddeb6601ef8340716e96eacd07f38a118424430850ef829"},
    {file = "cwcwidth-0.1.7-cp39-cp39-manylinux_2_5_x86_64.manylinux1_x86_64.manylinux_2_17_x86_64.manylinux2014_x86_64.whl", hash = "sha256:d9c2ebd17a0e939621acc23d8306e6760528470566c89c3f34c3ab22ea18602a"},
    {file = "cwcwidth-0.1.7-cp39-cp39-musllinux_1_1_i686.whl", hash = "sha256:60d7b0cb1e5f7b243c9afe4394c7a60b519c65a9e33c2e125fdb4af37b812701"},
    {file = "cwcwidth-0.1.7-cp39-cp39-musllinux_1_1_x86_64.whl", hash = "sha256:403768aedcfc9f23c2f47f2ab78997ea7f7f251cd0e1e19a8e0ef3c49258c1de"},
    {file = "cwcwidth-0.1.7-cp39-cp39-win32.whl", hash = "sha256:359a44ecb6cabea8aa677a81804f056df99ae3173ca81d02789c5081f4dfe12b"},
    {file = "cwcwidth-0.1.7-cp39-cp39-win_amd64.whl", hash = "sha256:0d664e2805b54a81b591fe1edaddfb2c86ad3446139e3de439c431f06bbdfe4d"},
    {file = "cwcwidth-0.1.7.tar.gz", hash = "sha256:c0d647e12e3a4b15a881e1d84f796937516648489e011257237dc2179d6b1951"},
]
decorator = [
    {file = "decorator-5.1.1-py3-none-any.whl", hash = "sha256:b8c3f85900b9dc423225913c5aace94729fe1fa9763b38939a95226f02d37186"},
    {file = "decorator-5.1.1.tar.gz", hash = "sha256:637996211036b6385ef91435e4fae22989472f9d571faba8927ba8253acbc330"},
]
executing = [
    {file = "executing-1.1.0-py2.py3-none-any.whl", hash = "sha256:4a6d96ba89eb3dcc11483471061b42b9006d8c9f81c584dd04246944cd022530"},
    {file = "executing-1.1.0.tar.gz", hash = "sha256:2c2c07d1ec4b2d8f9676b25170f1d8445c0ee2eb78901afb075a4b8d83608c6a"},
]
greenlet = [
    {file = "greenlet-1.1.3-cp27-cp27m-macosx_10_14_x86_64.whl", hash = "sha256:8c287ae7ac921dfde88b1c125bd9590b7ec3c900c2d3db5197f1286e144e712b"},
    {file = "greenlet-1.1.3-cp27-cp27m-manylinux1_x86_64.whl", hash = "sha256:870a48007872d12e95a996fca3c03a64290d3ea2e61076aa35d3b253cf34cd32"},
    {file = "greenlet-1.1.3-cp27-cp27m-manylinux2010_x86_64.whl", hash = "sha256:7c5227963409551ae4a6938beb70d56bf1918c554a287d3da6853526212fbe0a"},
    {file = "greenlet-1.1.3-cp27-cp27m-win32.whl", hash = "sha256:9fae214f6c43cd47f7bef98c56919b9222481e833be2915f6857a1e9e8a15318"},
    {file = "greenlet-1.1.3-cp27-cp27m-win_amd64.whl", hash = "sha256:de431765bd5fe62119e0bc6bc6e7b17ac53017ae1782acf88fcf6b7eae475a49"},
    {file = "greenlet-1.1.3-cp27-cp27mu-manylinux1_x86_64.whl", hash = "sha256:510c3b15587afce9800198b4b142202b323bf4b4b5f9d6c79cb9a35e5e3c30d2"},
    {file = "greenlet-1.1.3-cp27-cp27mu-manylinux2010_x86_64.whl", hash = "sha256:9951dcbd37850da32b2cb6e391f621c1ee456191c6ae5528af4a34afe357c30e"},
    {file = "greenlet-1.1.3-cp310-cp310-macosx_10_15_x86_64.whl", hash = "sha256:07c58e169bbe1e87b8bbf15a5c1b779a7616df9fd3e61cadc9d691740015b4f8"},
    {file = "greenlet-1.1.3-cp310-cp310-manylinux_2_17_aarch64.manylinux2014_aarch64.whl", hash = "sha256:df02fdec0c533301497acb0bc0f27f479a3a63dcdc3a099ae33a902857f07477"},
    {file = "greenlet-1.1.3-cp310-cp310-manylinux_2_17_ppc64le.manylinux2014_ppc64le.whl", hash = "sha256:9c88e134d51d5e82315a7c32b914a58751b7353eb5268dbd02eabf020b4c4700"},
    {file = "greenlet-1.1.3-cp310-cp310-manylinux_2_17_x86_64.manylinux2014_x86_64.whl", hash = "sha256:7b41d19c0cfe5c259fe6c539fd75051cd39a5d33d05482f885faf43f7f5e7d26"},
    {file = "greenlet-1.1.3-cp310-cp310-win_amd64.whl", hash = "sha256:6f5d4b2280ceea76c55c893827961ed0a6eadd5a584a7c4e6e6dd7bc10dfdd96"},
    {file = "greenlet-1.1.3-cp311-cp311-macosx_10_15_x86_64.whl", hash = "sha256:184416e481295832350a4bf731ba619a92f5689bf5d0fa4341e98b98b1265bd7"},
    {file = "greenlet-1.1.3-cp311-cp311-manylinux_2_17_aarch64.manylinux2014_aarch64.whl", hash = "sha256:dd0404d154084a371e6d2bafc787201612a1359c2dee688ae334f9118aa0bf47"},
    {file = "greenlet-1.1.3-cp311-cp311-manylinux_2_17_ppc64le.manylinux2014_ppc64le.whl", hash = "sha256:7a43bbfa9b6cfdfaeefbd91038dde65ea2c421dc387ed171613df340650874f2"},
    {file = "greenlet-1.1.3-cp311-cp311-manylinux_2_17_x86_64.manylinux2014_x86_64.whl", hash = "sha256:ce5b64dfe8d0cca407d88b0ee619d80d4215a2612c1af8c98a92180e7109f4b5"},
    {file = "greenlet-1.1.3-cp35-cp35m-macosx_10_14_x86_64.whl", hash = "sha256:903fa5716b8fbb21019268b44f73f3748c41d1a30d71b4a49c84b642c2fed5fa"},
    {file = "greenlet-1.1.3-cp35-cp35m-manylinux1_x86_64.whl", hash = "sha256:0118817c9341ef2b0f75f5af79ac377e4da6ff637e5ee4ac91802c0e379dadb4"},
    {file = "greenlet-1.1.3-cp35-cp35m-manylinux2010_x86_64.whl", hash = "sha256:466ce0928e33421ee84ae04c4ac6f253a3a3e6b8d600a79bd43fd4403e0a7a76"},
    {file = "greenlet-1.1.3-cp35-cp35m-win32.whl", hash = "sha256:65ad1a7a463a2a6f863661329a944a5802c7129f7ad33583dcc11069c17e622c"},
    {file = "greenlet-1.1.3-cp35-cp35m-win_amd64.whl", hash = "sha256:7532a46505470be30cbf1dbadb20379fb481244f1ca54207d7df3bf0bbab6a20"},
    {file = "greenlet-1.1.3-cp36-cp36m-macosx_10_14_x86_64.whl", hash = "sha256:caff52cb5cd7626872d9696aee5b794abe172804beb7db52eed1fd5824b63910"},
    {file = "greenlet-1.1.3-cp36-cp36m-manylinux1_x86_64.whl", hash = "sha256:db41f3845eb579b544c962864cce2c2a0257fe30f0f1e18e51b1e8cbb4e0ac6d"},
    {file = "greenlet-1.1.3-cp36-cp36m-manylinux2010_x86_64.whl", hash = "sha256:e8533f5111704d75de3139bf0b8136d3a6c1642c55c067866fa0a51c2155ee33"},
    {file = "greenlet-1.1.3-cp36-cp36m-manylinux_2_17_aarch64.manylinux2014_aarch64.whl", hash = "sha256:9537e4baf0db67f382eb29255a03154fcd4984638303ff9baaa738b10371fa57"},
    {file = "greenlet-1.1.3-cp36-cp36m-manylinux_2_17_ppc64le.manylinux2014_ppc64le.whl", hash = "sha256:f8bfd36f368efe0ab2a6aa3db7f14598aac454b06849fb633b762ddbede1db90"},
    {file = "greenlet-1.1.3-cp36-cp36m-manylinux_2_17_x86_64.manylinux2014_x86_64.whl", hash = "sha256:b0877a9a2129a2c56a2eae2da016743db7d9d6a05d5e1c198f1b7808c602a30e"},
    {file = "greenlet-1.1.3-cp36-cp36m-win32.whl", hash = "sha256:88b04e12c9b041a1e0bcb886fec709c488192638a9a7a3677513ac6ba81d8e79"},
    {file = "greenlet-1.1.3-cp36-cp36m-win_amd64.whl", hash = "sha256:4f166b4aca8d7d489e82d74627a7069ab34211ef5ebb57c300ec4b9337b60fc0"},
    {file = "greenlet-1.1.3-cp37-cp37m-macosx_10_15_x86_64.whl", hash = "sha256:cd16a89efe3a003029c87ff19e9fba635864e064da646bc749fc1908a4af18f3"},
    {file = "greenlet-1.1.3-cp37-cp37m-manylinux1_x86_64.whl", hash = "sha256:5b756e6730ea59b2745072e28ad27f4c837084688e6a6b3633c8b1e509e6ae0e"},
    {file = "greenlet-1.1.3-cp37-cp37m-manylinux2010_x86_64.whl", hash = "sha256:9b2f7d0408ddeb8ea1fd43d3db79a8cefaccadd2a812f021333b338ed6b10aba"},
    {file = "greenlet-1.1.3-cp37-cp37m-manylinux_2_17_aarch64.manylinux2014_aarch64.whl", hash = "sha256:44b4817c34c9272c65550b788913620f1fdc80362b209bc9d7dd2f40d8793080"},
    {file = "greenlet-1.1.3-cp37-cp37m-manylinux_2_17_ppc64le.manylinux2014_ppc64le.whl", hash = "sha256:d58a5a71c4c37354f9e0c24c9c8321f0185f6945ef027460b809f4bb474bfe41"},
    {file = "greenlet-1.1.3-cp37-cp37m-manylinux_2_17_x86_64.manylinux2014_x86_64.whl", hash = "sha256:1dd51d2650e70c6c4af37f454737bf4a11e568945b27f74b471e8e2a9fd21268"},
    {file = "greenlet-1.1.3-cp37-cp37m-win32.whl", hash = "sha256:048d2bed76c2aa6de7af500ae0ea51dd2267aec0e0f2a436981159053d0bc7cc"},
    {file = "greenlet-1.1.3-cp37-cp37m-win_amd64.whl", hash = "sha256:77e41db75f9958f2083e03e9dd39da12247b3430c92267df3af77c83d8ff9eed"},
    {file = "greenlet-1.1.3-cp38-cp38-macosx_10_15_x86_64.whl", hash = "sha256:1626185d938d7381631e48e6f7713e8d4b964be246073e1a1d15c2f061ac9f08"},
    {file = "greenlet-1.1.3-cp38-cp38-manylinux1_x86_64.whl", hash = "sha256:1ec2779774d8e42ed0440cf8bc55540175187e8e934f2be25199bf4ed948cd9e"},
    {file = "greenlet-1.1.3-cp38-cp38-manylinux2010_x86_64.whl", hash = "sha256:f2f908239b7098799b8845e5936c2ccb91d8c2323be02e82f8dcb4a80dcf4a25"},
    {file = "greenlet-1.1.3-cp38-cp38-manylinux_2_17_aarch64.manylinux2014_aarch64.whl", hash = "sha256:0b181e9aa6cb2f5ec0cacc8cee6e5a3093416c841ba32c185c30c160487f0380"},
    {file = "greenlet-1.1.3-cp38-cp38-manylinux_2_17_ppc64le.manylinux2014_ppc64le.whl", hash = "sha256:2cf45e339cabea16c07586306a31cfcc5a3b5e1626d365714d283732afed6809"},
    {file = "greenlet-1.1.3-cp38-cp38-manylinux_2_17_x86_64.manylinux2014_x86_64.whl", hash = "sha256:6200a11f003ec26815f7e3d2ded01b43a3810be3528dd760d2f1fa777490c3cd"},
    {file = "greenlet-1.1.3-cp38-cp38-win32.whl", hash = "sha256:db5b25265010a1b3dca6a174a443a0ed4c4ab12d5e2883a11c97d6e6d59b12f9"},
    {file = "greenlet-1.1.3-cp38-cp38-win_amd64.whl", hash = "sha256:095a980288fe05adf3d002fbb180c99bdcf0f930e220aa66fcd56e7914a38202"},
    {file = "greenlet-1.1.3-cp39-cp39-macosx_10_15_x86_64.whl", hash = "sha256:cbc1eb55342cbac8f7ec159088d54e2cfdd5ddf61c87b8bbe682d113789331b2"},
    {file = "greenlet-1.1.3-cp39-cp39-manylinux1_x86_64.whl", hash = "sha256:694ffa7144fa5cc526c8f4512665003a39fa09ef00d19bbca5c8d3406db72fbe"},
    {file = "greenlet-1.1.3-cp39-cp39-manylinux2010_x86_64.whl", hash = "sha256:aa741c1a8a8cc25eb3a3a01a62bdb5095a773d8c6a86470bde7f607a447e7905"},
    {file = "greenlet-1.1.3-cp39-cp39-manylinux_2_17_aarch64.manylinux2014_aarch64.whl", hash = "sha256:a3a669f11289a8995d24fbfc0e63f8289dd03c9aaa0cc8f1eab31d18ca61a382"},
    {file = "greenlet-1.1.3-cp39-cp39-manylinux_2_17_ppc64le.manylinux2014_ppc64le.whl", hash = "sha256:76a53bfa10b367ee734b95988bd82a9a5f0038a25030f9f23bbbc005010ca600"},
    {file = "greenlet-1.1.3-cp39-cp39-manylinux_2_17_x86_64.manylinux2014_x86_64.whl", hash = "sha256:2fb0aa7f6996879551fd67461d5d3ab0c3c0245da98be90c89fcb7a18d437403"},
    {file = "greenlet-1.1.3-cp39-cp39-win32.whl", hash = "sha256:5fbe1ab72b998ca77ceabbae63a9b2e2dc2d963f4299b9b278252ddba142d3f1"},
    {file = "greenlet-1.1.3-cp39-cp39-win_amd64.whl", hash = "sha256:ffe73f9e7aea404722058405ff24041e59d31ca23d1da0895af48050a07b6932"},
    {file = "greenlet-1.1.3.tar.gz", hash = "sha256:bcb6c6dd1d6be6d38d6db283747d07fda089ff8c559a835236560a4410340455"},
]
idna = [
    {file = "idna-3.4-py3-none-any.whl", hash = "sha256:90b77e79eaa3eba6de819a0c442c0b4ceefc341a7a2ab77d7562bf49f425c5c2"},
    {file = "idna-3.4.tar.gz", hash = "sha256:814f528e8dead7d329833b91c5faa87d60bf71824cd12a7530b5526063d02cb4"},
]
iniconfig = [
    {file = "iniconfig-1.1.1-py2.py3-none-any.whl", hash = "sha256:011e24c64b7f47f6ebd835bb12a743f2fbe9a26d4cecaa7f53bc4f35ee9da8b3"},
    {file = "iniconfig-1.1.1.tar.gz", hash = "sha256:bc3af051d7d14b2ee5ef9969666def0cd1a000e121eaea580d4a313df4b37f32"},
]
ipython = [
    {file = "ipython-8.5.0-py3-none-any.whl", hash = "sha256:6f090e29ab8ef8643e521763a4f1f39dc3914db643122b1e9d3328ff2e43ada2"},
    {file = "ipython-8.5.0.tar.gz", hash = "sha256:097bdf5cd87576fd066179c9f7f208004f7a6864ee1b20f37d346c0bcb099f84"},
]
jedi = [
    {file = "jedi-0.18.1-py2.py3-none-any.whl", hash = "sha256:637c9635fcf47945ceb91cd7f320234a7be540ded6f3e99a50cb6febdfd1ba8d"},
    {file = "jedi-0.18.1.tar.gz", hash = "sha256:74137626a64a99c8eb6ae5832d99b3bdd7d29a3850fe2aa80a4126b2a7d949ab"},
]
jinxed = [
    {file = "jinxed-1.2.0-py2.py3-none-any.whl", hash = "sha256:cfc2b2e4e3b4326954d546ba6d6b9a7a796ddcb0aef8d03161d005177eb0d48b"},
    {file = "jinxed-1.2.0.tar.gz", hash = "sha256:032acda92d5c57cd216033cbbd53de731e6ed50deb63eb4781336ca55f72cda5"},
]
matplotlib-inline = [
    {file = "matplotlib-inline-0.1.6.tar.gz", hash = "sha256:f887e5f10ba98e8d2b150ddcf4702c1e5f8b3a20005eb0f74bfdbd360ee6f304"},
    {file = "matplotlib_inline-0.1.6-py3-none-any.whl", hash = "sha256:f1f41aab5328aa5aaea9b16d083b128102f8712542f819fe7e6a420ff581b311"},
]
mypy-extensions = [
    {file = "mypy_extensions-0.4.3-py2.py3-none-any.whl", hash = "sha256:090fedd75945a69ae91ce1303b5824f428daf5a028d2f6ab8a299250a846f15d"},
    {file = "mypy_extensions-0.4.3.tar.gz", hash = "sha256:2d82818f5bb3e369420cb3c4060a7970edba416647068eb4c5343488a6c604a8"},
]
packaging = [
    {file = "packaging-21.3-py3-none-any.whl", hash = "sha256:ef103e05f519cdc783ae24ea4e2e0f508a9c99b2d4969652eed6a2e1ea5bd522"},
    {file = "packaging-21.3.tar.gz", hash = "sha256:dd47c42927d89ab911e606518907cc2d3a1f38bbd026385970643f9c5b8ecfeb"},
]
parso = [
    {file = "parso-0.8.3-py2.py3-none-any.whl", hash = "sha256:c001d4636cd3aecdaf33cbb40aebb59b094be2a74c556778ef5576c175e19e75"},
    {file = "parso-0.8.3.tar.gz", hash = "sha256:8c07be290bb59f03588915921e29e8a50002acaf2cdc5fa0e0114f91709fafa0"},
]
pathspec = [
    {file = "pathspec-0.10.1-py3-none-any.whl", hash = "sha256:46846318467efc4556ccfd27816e004270a9eeeeb4d062ce5e6fc7a87c573f93"},
    {file = "pathspec-0.10.1.tar.gz", hash = "sha256:7ace6161b621d31e7902eb6b5ae148d12cfd23f4a249b9ffb6b9fee12084323d"},
]
pexpect = [
    {file = "pexpect-4.8.0-py2.py3-none-any.whl", hash = "sha256:0b48a55dcb3c05f3329815901ea4fc1537514d6ba867a152b581d69ae3710937"},
    {file = "pexpect-4.8.0.tar.gz", hash = "sha256:fc65a43959d153d0114afe13997d439c22823a27cefceb5ff35c2178c6784c0c"},
]
pickleshare = [
    {file = "pickleshare-0.7.5-py2.py3-none-any.whl", hash = "sha256:9649af414d74d4df115d5d718f82acb59c9d418196b7b4290ed47a12ce62df56"},
    {file = "pickleshare-0.7.5.tar.gz", hash = "sha256:87683d47965c1da65cdacaf31c8441d12b8044cdec9aca500cd78fc2c683afca"},
]
platformdirs = [
    {file = "platformdirs-2.5.2-py3-none-any.whl", hash = "sha256:027d8e83a2d7de06bbac4e5ef7e023c02b863d7ea5d079477e722bb41ab25788"},
    {file = "platformdirs-2.5.2.tar.gz", hash = "sha256:58c8abb07dcb441e6ee4b11d8df0ac856038f944ab98b7be6b27b2a3c7feef19"},
]
pluggy = [
    {file = "pluggy-1.0.0-py2.py3-none-any.whl", hash = "sha256:74134bbf457f031a36d68416e1509f34bd5ccc019f0bcc952c7b909d06b37bd3"},
    {file = "pluggy-1.0.0.tar.gz", hash = "sha256:4224373bacce55f955a878bf9cfa763c1e360858e330072059e10bad68531159"},
]
prompt-toolkit = [
    {file = "prompt_toolkit-3.0.31-py3-none-any.whl", hash = "sha256:9696f386133df0fc8ca5af4895afe5d78f5fcfe5258111c2a79a1c3e41ffa96d"},
    {file = "prompt_toolkit-3.0.31.tar.gz", hash = "sha256:9ada952c9d1787f52ff6d5f3484d0b4df8952787c087edf6a1f7c2cb1ea88148"},
]
ptyprocess = [
    {file = "ptyprocess-0.7.0-py2.py3-none-any.whl", hash = "sha256:4b41f3967fce3af57cc7e94b888626c18bf37a083e3651ca8feeb66d492fef35"},
    {file = "ptyprocess-0.7.0.tar.gz", hash = "sha256:5c5d0a3b48ceee0b48485e0c26037c0acd7d29765ca3fbb5cb3831d347423220"},
]
pure-eval = [
    {file = "pure_eval-0.2.2-py3-none-any.whl", hash = "sha256:01eaab343580944bc56080ebe0a674b39ec44a945e6d09ba7db3cb8cec289350"},
    {file = "pure_eval-0.2.2.tar.gz", hash = "sha256:2b45320af6dfaa1750f543d714b6d1c520a1688dec6fd24d339063ce0aaa9ac3"},
]
py = [
    {file = "py-1.11.0-py2.py3-none-any.whl", hash = "sha256:607c53218732647dff4acdfcd50cb62615cedf612e72d1724fb1a0cc6405b378"},
    {file = "py-1.11.0.tar.gz", hash = "sha256:51c75c4126074b472f746a24399ad32f6053d1b34b68d2fa41e558e6f4a98719"},
]
Pygments = [
    {file = "Pygments-2.13.0-py3-none-any.whl", hash = "sha256:f643f331ab57ba3c9d89212ee4a2dabc6e94f117cf4eefde99a0574720d14c42"},
    {file = "Pygments-2.13.0.tar.gz", hash = "sha256:56a8508ae95f98e2b9bdf93a6be5ae3f7d8af858b43e02c5a2ff083726be40c1"},
]
pyparsing = [
    {file = "pyparsing-3.0.9-py3-none-any.whl", hash = "sha256:5026bae9a10eeaefb61dab2f09052b9f4307d44aee4eda64b309723d8d206bbc"},
    {file = "pyparsing-3.0.9.tar.gz", hash = "sha256:2b020ecf7d21b687f219b71ecad3631f644a47f01403fa1d1036b0c6416d70fb"},
]
pytest = [
    {file = "pytest-7.1.3-py3-none-any.whl", hash = "sha256:1377bda3466d70b55e3f5cecfa55bb7cfcf219c7964629b967c37cf0bda818b7"},
    {file = "pytest-7.1.3.tar.gz", hash = "sha256:4f365fec2dff9c1162f834d9f18af1ba13062db0c708bf7b946f8a5c76180c39"},
]
pytest-testinfra = [
    {file = "pytest-testinfra-6.8.0.tar.gz", hash = "sha256:07c8c2c472aca7d83099ebc5f850d383721cd654b66c60ffbb145e45e584ff99"},
    {file = "pytest_testinfra-6.8.0-py3-none-any.whl", hash = "sha256:56ac1dfc61342632a1189091473e253db1a3cdcecce0d49d6a769f33cd264814"},
]
pyxdg = [
    {file = "pyxdg-0.28-py2.py3-none-any.whl", hash = "sha256:bdaf595999a0178ecea4052b7f4195569c1ff4d344567bccdc12dfdf02d545ab"},
    {file = "pyxdg-0.28.tar.gz", hash = "sha256:3267bb3074e934df202af2ee0868575484108581e6f3cb006af1da35395e88b4"},
]
requests = [
    {file = "requests-2.28.1-py3-none-any.whl", hash = "sha256:8fefa2a1a1365bf5520aac41836fbee479da67864514bdb821f31ce07ce65349"},
    {file = "requests-2.28.1.tar.gz", hash = "sha256:7c5599b102feddaa661c826c56ab4fee28bfd17f5abca1ebbe3e7f19d7c97983"},
]
six = [
    {file = "six-1.16.0-py2.py3-none-any.whl", hash = "sha256:8abb2f1d86890a2dfb989f9a77cfcfd3e47c2a354b01111771326f8aa26e0254"},
    {file = "six-1.16.0.tar.gz", hash = "sha256:1e61c37477a1626458e36f7b1d82aa5c9b094fa4802892072e49de9c60c4c926"},
]
stack-data = [
    {file = "stack_data-0.5.1-py3-none-any.whl", hash = "sha256:5120731a18ba4c82cefcf84a945f6f3e62319ef413bfc210e32aca3a69310ba2"},
    {file = "stack_data-0.5.1.tar.gz", hash = "sha256:95eb784942e861a3d80efd549ff9af6cf847d88343a12eb681d7157cfcb6e32b"},
]
tomli = [
    {file = "tomli-2.0.1-py3-none-any.whl", hash = "sha256:939de3e7a6161af0c887ef91b7d41a53e7c5a1ca976325f429cb46ea9bc30ecc"},
    {file = "tomli-2.0.1.tar.gz", hash = "sha256:de526c12914f0c550d15924c62d72abc48d6fe7364aa87328337a31007fe8a4f"},
]
traitlets = [
    {file = "traitlets-5.4.0-py3-none-any.whl", hash = "sha256:93663cc8236093d48150e2af5e2ed30fc7904a11a6195e21bab0408af4e6d6c8"},
    {file = "traitlets-5.4.0.tar.gz", hash = "sha256:3f2c4e435e271592fe4390f1746ea56836e3a080f84e7833f0f801d9613fec39"},
]
urllib3 = [
    {file = "urllib3-1.26.12-py2.py3-none-any.whl", hash = "sha256:b930dd878d5a8afb066a637fbb35144fe7901e3b209d1cd4f524bd0e9deee997"},
    {file = "urllib3-1.26.12.tar.gz", hash = "sha256:3fa96cf423e6987997fc326ae8df396db2a8b7c667747d47ddd8ecba91f4a74e"},
]
wcwidth = [
    {file = "wcwidth-0.2.5-py2.py3-none-any.whl", hash = "sha256:beb4802a9cebb9144e99086eff703a642a13d6a0052920003a230f3294bbe784"},
    {file = "wcwidth-0.2.5.tar.gz", hash = "sha256:c4d647b99872929fdb7bdcaa4fbe7f01413ed3d98077df798530e5b04f116c83"},
]
